
Microsoft Visual Studio Solution File, Format Version 12.00
# Visual Studio Version 17
VisualStudioVersion = 17.8.34330.188
MinimumVisualStudioVersion = 10.0.40219.1
Project("{FAE04EC0-301F-11D3-BF4B-00C04F79EFBC}") = "Getri_CFA_MVC_EntityFramework", "Getri_CFA_MVC_EntityFramework\Getri_CFA_MVC_EntityFramework.csproj", "{DAF8C63C-844A-4C24-942A-ED8B80E2DD52}"
EndProject
Global
	GlobalSection(SolutionConfigurationPlatforms) = preSolution
		Debug|Any CPU = Debug|Any CPU
		Release|Any CPU = Release|Any CPU
	EndGlobalSection
	GlobalSection(ProjectConfigurationPlatforms) = postSolution
		{DAF8C63C-844A-4C24-942A-ED8B80E2DD52}.Debug|Any CPU.ActiveCfg = Debug|Any CPU
		{DAF8C63C-844A-4C24-942A-ED8B80E2DD52}.Debug|Any CPU.Build.0 = Debug|Any CPU
		{DAF8C63C-844A-4C24-942A-ED8B80E2DD52}.Release|Any CPU.ActiveCfg = Release|Any CPU
		{DAF8C63C-844A-4C24-942A-ED8B80E2DD52}.Release|Any CPU.Build.0 = Release|Any CPU
	EndGlobalSection
	GlobalSection(SolutionProperties) = preSolution
		HideSolutionNode = FALSE
	EndGlobalSection
	GlobalSection(ExtensibilityGlobals) = postSolution
		SolutionGuid = {1157900C-1EFF-42A5-B5DF-8FB7388159B0}
	EndGlobalSection
EndGlobal
